Microsoft Visual Studio Solution File, Format Version 12.00
# Visual Studio Version 17
VisualStudioVersion = 17.5.2.0
MinimumVisualStudioVersion = 10.0.40219.1
Project("{2150E333-8FDC-42A3-9474-1A3956D46DE8}") = "Services", "Services", "{C748490F-0FF3-448B-9D0F-B358DF7D7923}"
	ProjectSection(SolutionItems) = preProject
		Services\README.md = Services\README.md
	EndProjectSection
EndProject
Project("{FAE04EC0-301F-11D3-BF4B-00C04F79EFBC}") = "Cart.Api", "Services\Cart.Api\Cart.Api.csproj", "{77A66C4E-ABCA-4F02-9B15-720312D9E383}"
EndProject
Project("{FAE04EC0-301F-11D3-BF4B-00C04F79EFBC}") = "Cart.Api.Tests", "Services\Cart.Api.Tests\Cart.Api.Tests.csproj", "{DA96E8AB-CE18-4057-91BC-55D8EAD547B4}"
EndProject
Global
	GlobalSection(SolutionConfigurationPlatforms) = preSolution
		Debug|Any CPU = Debug|Any CPU
		Release|Any CPU = Release|Any CPU
	EndGlobalSection
	GlobalSection(ProjectConfigurationPlatforms) = postSolution
		{77A66C4E-ABCA-4F02-9B15-720312D9E383}.Debug|Any CPU.ActiveCfg = Debug|Any CPU
		{77A66C4E-ABCA-4F02-9B15-720312D9E383}.Debug|Any CPU.Build.0 = Debug|Any CPU
		{77A66C4E-ABCA-4F02-9B15-720312D9E383}.Release|Any CPU.ActiveCfg = Release|Any CPU
		{77A66C4E-ABCA-4F02-9B15-720312D9E383}.Release|Any CPU.Build.0 = Release|Any CPU
		{DA96E8AB-CE18-4057-91BC-55D8EAD547B4}.Debug|Any CPU.ActiveCfg = Debug|Any CPU
		{DA96E8AB-CE18-4057-91BC-55D8EAD547B4}.Debug|Any CPU.Build.0 = Debug|Any CPU
		{DA96E8AB-CE18-4057-91BC-55D8EAD547B4}.Release|Any CPU.ActiveCfg = Release|Any CPU
		{DA96E8AB-CE18-4057-91BC-55D8EAD547B4}.Release|Any CPU.Build.0 = Release|Any CPU
	EndGlobalSection
	GlobalSection(SolutionProperties) = preSolution
		HideSolutionNode = FALSE
	EndGlobalSection
	GlobalSection(NestedProjects) = preSolution
		{77A66C4E-ABCA-4F02-9B15-720312D9E383} = {C748490F-0FF3-448B-9D0F-B358DF7D7923}
		{DA96E8AB-CE18-4057-91BC-55D8EAD547B4} = {C748490F-0FF3-448B-9D0F-B358DF7D7923}
	EndGlobalSection
	GlobalSection(ExtensibilityGlobals) = postSolution
		SolutionGuid = {23C7B87C-7161-4215-AA69-22A54D6EA5EF}
	EndGlobalSection
EndGlobal
